// !$*UTF8*$!
{
	archiveVersion = 1;
	classes = {
	};
	objectVersion = 50;
	objects = {

/* Begin PBXBuildFile section */
		BF47DCD32141E65400CAD00A /* CoreData.swift in Sources */ = {isa = PBXBuildFile; fileRef = BF47DCD22141E65400CAD00A /* CoreData.swift */; };
		BF8E0D382136116700E039B2 /* AppDelegate.swift in Sources */ = {isa = PBXBuildFile; fileRef = BF8E0D372136116700E039B2 /* AppDelegate.swift */; };
		BF8E0D3D2136116700E039B2 /* Main.storyboard in Resources */ = {isa = PBXBuildFile; fileRef = BF8E0D3B2136116700E039B2 /* Main.storyboard */; };
		BF8E0D402136116700E039B2 /* FlashDiet.xcdatamodeld in Sources */ = {isa = PBXBuildFile; fileRef = BF8E0D3E2136116700E039B2 /* FlashDiet.xcdatamodeld */; };
		BF8E0D422136116800E039B2 /* Assets.xcassets in Resources */ = {isa = PBXBuildFile; fileRef = BF8E0D412136116800E039B2 /* Assets.xcassets */; };
		BF8E0D452136116800E039B2 /* LaunchScreen.storyboard in Resources */ = {isa = PBXBuildFile; fileRef = BF8E0D432136116800E039B2 /* LaunchScreen.storyboard */; };
		BFFE2A702139D1030088E169 /* FoodCell.swift in Sources */ = {isa = PBXBuildFile; fileRef = BFFE2A6F2139D1030088E169 /* FoodCell.swift */; };
		BFFE2A722139D1A00088E169 /* FoodGridViewController.swift in Sources */ = {isa = PBXBuildFile; fileRef = BFFE2A712139D1A00088E169 /* FoodGridViewController.swift */; };
		BFFE2A742139DDED0088E169 /* PhotoPickerManager.swift in Sources */ = {isa = PBXBuildFile; fileRef = BFFE2A732139DDED0088E169 /* PhotoPickerManager.swift */; };
/* End PBXBuildFile section */

/* Begin PBXFileReference section */
		BF47DCD22141E65400CAD00A /* CoreData.swift */ = {isa = PBXFileReference; lastKnownFileType = sourcecode.swift; path = CoreData.swift; sourceTree = "<group>"; };
		BF8E0D342136116700E039B2 /* FlashDiet.app */ = {isa = PBXFileReference; explicitFileType = wrapper.application; includeInIndex = 0; path = FlashDiet.app; sourceTree = BUILT_PRODUCTS_DIR; };
		BF8E0D372136116700E039B2 /* AppDelegate.swift */ = {isa = PBXFileReference; lastKnownFileType = sourcecode.swift; path = AppDelegate.swift; sourceTree = "<group>"; };
		BF8E0D3C2136116700E039B2 /* Base */ = {isa = PBXFileReference; lastKnownFileType = file.storyboard; name = Base; path = Base.lproj/Main.storyboard; sourceTree = "<group>"; };
		BF8E0D3F2136116700E039B2 /* FlashDiet.xcdatamodel */ = {isa = PBXFileReference; lastKnownFileType = wrapper.xcdatamodel; path = FlashDiet.xcdatamodel; sourceTree = "<group>"; };
		BF8E0D412136116800E039B2 /* Assets.xcassets */ = {isa = PBXFileReference; lastKnownFileType = folder.assetcatalog; path = Assets.xcassets; sourceTree = "<group>"; };
		BF8E0D442136116800E039B2 /* Base */ = {isa = PBXFileReference; lastKnownFileType = file.storyboard; name = Base; path = Base.lproj/LaunchScreen.storyboard; sourceTree = "<group>"; };
		BF8E0D462136116800E039B2 /* Info.plist */ = {isa = PBXFileReference; lastKnownFileType = text.plist.xml; path = Info.plist; sourceTree = "<group>"; };
		BFFE2A6F2139D1030088E169 /* FoodCell.swift */ = {isa = PBXFileReference; lastKnownFileType = sourcecode.swift; path = FoodCell.swift; sourceTree = "<group>"; };
		BFFE2A712139D1A00088E169 /* FoodGridViewController.swift */ = {isa = PBXFileReference; lastKnownFileType = sourcecode.swift; path = FoodGridViewController.swift; sourceTree = "<group>"; };
		BFFE2A732139DDED0088E169 /* PhotoPickerManager.swift */ = {isa = PBXFileReference; lastKnownFileType = sourcecode.swift; path = PhotoPickerManager.swift; sourceTree = "<group>"; };
/* End PBXFileReference section */

/* Begin PBXFrameworksBuildPhase section */
		BF8E0D312136116700E039B2 /* Frameworks */ = {
			isa = PBXFrameworksBuildPhase;
			buildActionMask = 2147483647;
			files = (
			);
			runOnlyForDeploymentPostprocessing = 0;
		};
/* End PBXFrameworksBuildPhase section */

/* Begin PBXGroup section */
		BF8E0D2B2136116700E039B2 = {
			isa = PBXGroup;
			children = (
				BF8E0D362136116700E039B2 /* FlashDiet */,
				BF8E0D352136116700E039B2 /* Products */,
			);
			sourceTree = "<group>";
		};
		BF8E0D352136116700E039B2 /* Products */ = {
			isa = PBXGroup;
			children = (
				BF8E0D342136116700E039B2 /* FlashDiet.app */,
			);
			name = Products;
			sourceTree = "<group>";
		};
		BF8E0D362136116700E039B2 /* FlashDiet */ = {
			isa = PBXGroup;
			children = (
				BFFE2A712139D1A00088E169 /* FoodGridViewController.swift */,
				BFFE2A732139DDED0088E169 /* PhotoPickerManager.swift */,
				BF8E0D372136116700E039B2 /* AppDelegate.swift */,
				BF47DCD22141E65400CAD00A /* CoreData.swift */,
				BF8E0D3B2136116700E039B2 /* Main.storyboard */,
				BF8E0D412136116800E039B2 /* Assets.xcassets */,
				BF8E0D432136116800E039B2 /* LaunchScreen.storyboard */,
				BF8E0D462136116800E039B2 /* Info.plist */,
				BF8E0D3E2136116700E039B2 /* FlashDiet.xcdatamodeld */,
				BFFE2A6F2139D1030088E169 /* FoodCell.swift */,
			);
			path = FlashDiet;
			sourceTree = "<group>";
		};
/* End PBXGroup section */

/* Begin PBXNativeTarget section */
		BF8E0D332136116700E039B2 /* FlashDiet */ = {
			isa = PBXNativeTarget;
			buildConfigurationList = BF8E0D492136116800E039B2 /* Build configuration list for PBXNativeTarget "FlashDiet" */;
			buildPhases = (
				BF8E0D302136116700E039B2 /* Sources */,
				BF8E0D312136116700E039B2 /* Frameworks */,
				BF8E0D322136116700E039B2 /* Resources */,
			);
			buildRules = (
			);
			dependencies = (
			);
			name = FlashDiet;
			productName = FlashDiet;
			productReference = BF8E0D342136116700E039B2 /* FlashDiet.app */;
			productType = "com.apple.product-type.application";
		};
/* End PBXNativeTarget section */

/* Begin PBXProject section */
		BF8E0D2C2136116700E039B2 /* Project object */ = {
			isa = PBXProject;
			attributes = {
				LastSwiftUpdateCheck = 1000;
				LastUpgradeCheck = 1000;
				ORGANIZATIONNAME = Vincent;
				TargetAttributes = {
					BF8E0D332136116700E039B2 = {
						CreatedOnToolsVersion = 10.0;
					};
				};
			};
			buildConfigurationList = BF8E0D2F2136116700E039B2 /* Build configuration list for PBXProject "FlashDiet" */;
			compatibilityVersion = "Xcode 9.3";
			developmentRegion = en;
			hasScannedForEncodings = 0;
			knownRegions = (
				en,
				Base,
			);
			mainGroup = BF8E0D2B2136116700E039B2;
			productRefGroup = BF8E0D352136116700E039B2 /* Products */;
			projectDirPath = "";
			projectRoot = "";
			targets = (
				BF8E0D332136116700E039B2 /* FlashDiet */,
			);
		};
/* End PBXProject section */

/* Begin PBXResourcesBuildPhase section */
		BF8E0D322136116700E039B2 /* Resources */ = {
			isa = PBXResourcesBuildPhase;
			buildActionMask = 2147483647;
			files = (
				BF8E0D452136116800E039B2 /* LaunchScreen.storyboard in Resources */,
				BF8E0D422136116800E039B2 /* Assets.xcassets in Resources */,
				BF8E0D3D2136116700E039B2 /* Main.storyboard in Resources */,
			);
			runOnlyForDeploymentPostprocessing = 0;
		};
/* End PBXResourcesBuildPhase section */

/* Begin PBXSourcesBuildPhase section */
		BF8E0D302136116700E039B2 /* Sources */ = {
			isa = PBXSourcesBuildPhase;
			buildActionMask = 2147483647;
			files = (
				BFFE2A722139D1A00088E169 /* FoodGridViewController.swift in Sources */,
				BF8E0D402136116700E039B2 /* FlashDiet.xcdatamodeld in Sources */,
				BFFE2A702139D1030088E169 /* FoodCell.swift in Sources */,
				BF8E0D382136116700E039B2 /* AppDelegate.swift in Sources */,
				BF47DCD32141E65400CAD00A /* CoreData.swift in Sources */,
				BFFE2A742139DDED0088E169 /* PhotoPickerManager.swift in Sources */,
			);
			runOnlyForDeploymentPostprocessing = 0;
		};
/* End PBXSourcesBuildPhase section */

/* Begin PBXVariantGroup section */
		BF8E0D3B2136116700E039B2 /* Main.storyboard */ = {
			isa = PBXVariantGroup;
			children = (
				BF8E0D3C2136116700E039B2 /* Base */,
			);
			name = Main.storyboard;
			sourceTree = "<group>";
		};
		BF8E0D432136116800E039B2 /* LaunchScreen.storyboard */ = {
			isa = PBXVariantGroup;
			children = (
				BF8E0D442136116800E039B2 /* Base */,
			);
			name = LaunchScreen.storyboard;
			sourceTree = "<group>";
		};
/* End PBXVariantGroup section */

/* Begin XCBuildConfiguration section */
		BF8E0D472136116800E039B2 /* Debug */ = {
			isa = XCBuildConfiguration;
			buildSettings = {
				ALWAYS_SEARCH_USER_PATHS = NO;
				CLANG_ANALYZER_NONNULL = YES;
				CLANG_ANALYZER_NUMBER_OBJECT_CONVERSION = YES_AGGRESSIVE;
				CLANG_CXX_LANGUAGE_STANDARD = "gnu++14";
				CLANG_CXX_LIBRARY = "libc++";
				CLANG_ENABLE_MODULES = YES;
				CLANG_ENABLE_OBJC_ARC = YES;
				CLANG_ENABLE_OBJC_WEAK = YES;
				CLANG_WARN_BLOCK_CAPTURE_AUTORELEASING = YES;
				CLANG_WARN_BOOL_CONVERSION = YES;
				CLANG_WARN_COMMA = YES;
				CLANG_WARN_CONSTANT_CONVERSION = YES;
				CLANG_WARN_DEPRECATED_OBJC_IMPLEMENTATIONS = YES;
				CLANG_WARN_DIRECT_OBJC_ISA_USAGE = YES_ERROR;
				CLANG_WARN_DOCUMENTATION_COMMENTS = YES;
				CLANG_WARN_EMPTY_BODY = YES;
				CLANG_WARN_ENUM_CONVERSION = YES;
				CLANG_WARN_INFINITE_RECURSION = YES;
				CLANG_WARN_INT_CONVERSION = YES;
				CLANG_WARN_NON_LITERAL_NULL_CONVERSION = YES;
				CLANG_WARN_OBJC_IMPLICIT_RETAIN_SELF = YES;
				CLANG_WARN_OBJC_LITERAL_CONVERSION = YES;
				CLANG_WARN_OBJC_ROOT_CLASS = YES_ERROR;
				CLANG_WARN_RANGE_LOOP_ANALYSIS = YES;
				CLANG_WARN_STRICT_PROTOTYPES = YES;
				CLANG_WARN_SUSPICIOUS_MOVE = YES;
				CLANG_WARN_UNGUARDED_AVAILABILITY = YES_AGGRESSIVE;
				CLANG_WARN_UNREACHABLE_CODE = YES;
				CLANG_WARN__DUPLICATE_METHOD_MATCH = YES;
				CODE_SIGN_IDENTITY = "iPhone Developer";
				COPY_PHASE_STRIP = NO;
				DEBUG_INFORMATION_FORMAT = dwarf;
				ENABLE_STRICT_OBJC_MSGSEND = YES;
				ENABLE_TESTABILITY = YES;
				GCC_C_LANGUAGE_STANDARD = gnu11;
				GCC_DYNAMIC_NO_PIC = NO;
				GCC_NO_COMMON_BLOCKS = YES;
				GCC_OPTIMIZATION_LEVEL = 0;
				GCC_PREPROCESSOR_DEFINITIONS = (
					"DEBUG=1",
					"$(inherited)",
				);
				GCC_WARN_64_TO_32_BIT_CONVERSION = YES;
				GCC_WARN_ABOUT_RETURN_TYPE = YES_ERROR;
				GCC_WARN_UNDECLARED_SELECTOR = YES;
				GCC_WARN_UNINITIALIZED_AUTOS = YES_AGGRESSIVE;
				GCC_WARN_UNUSED_FUNCTION = YES;
				GCC_WARN_UNUSED_VARIABLE = YES;
				IPHONEOS_DEPLOYMENT_TARGET = 12.0;
				MTL_ENABLE_DEBUG_INFO = INCLUDE_SOURCE;
				ONLY_ACTIVE_ARCH = YES;
				SDKROOT = iphoneos;
				SWIFT_ACTIVE_COMPILATION_CONDITIONS = DEBUG;
				SWIFT_OPTIMIZATION_LEVEL = "-Onone";
			};
			name = Debug;
		};
		BF8E0D482136116800E039B2 /* Release */ = {
			isa = XCBuildConfiguration;
			buildSettings = {
				ALWAYS_SEARCH_USER_PATHS = NO;
				CLANG_ANALYZER_NONNULL = YES;
				CLANG_ANALYZER_NUMBER_OBJECT_CONVERSION = YES_AGGRESSIVE;
				CLANG_CXX_LANGUAGE_STANDARD = "gnu++14";
				CLANG_CXX_LIBRARY = "libc++";
				CLANG_ENABLE_MODULES = YES;
				CLANG_ENABLE_OBJC_ARC = YES;
				CLANG_ENABLE_OBJC_WEAK = YES;
				CLANG_WARN_BLOCK_CAPTURE_AUTORELEASING = YES;
				CLANG_WARN_BOOL_CONVERSION = YES;
				CLANG_WARN_COMMA = YES;
				CLANG_WARN_CONSTANT_CONVERSION = YES;
				CLANG_WARN_DEPRECATED_OBJC_IMPLEMENTATIONS = YES;
				CLANG_WARN_DIRECT_OBJC_ISA_USAGE = YES_ERROR;
				CLANG_WARN_DOCUMENTATION_COMMENTS = YES;
				CLANG_WARN_EMPTY_BODY = YES;
				CLANG_WARN_ENUM_CONVERSION = YES;
				CLANG_WARN_INFINITE_RECURSION = YES;
				CLANG_WARN_INT_CONVERSION = YES;
				CLANG_WARN_NON_LITERAL_NULL_CONVERSION = YES;
				CLANG_WARN_OBJC_IMPLICIT_RETAIN_SELF = YES;
				CLANG_WARN_OBJC_LITERAL_CONVERSION = YES;
				CLANG_WARN_OBJC_ROOT_CLASS = YES_ERROR;
				CLANG_WARN_RANGE_LOOP_ANALYSIS = YES;
				CLANG_WARN_STRICT_PROTOTYPES = YES;
				CLANG_WARN_SUSPICIOUS_MOVE = YES;
				CLANG_WARN_UNGUARDED_AVAILABILITY = YES_AGGRESSIVE;
				CLANG_WARN_UNREACHABLE_CODE = YES;
				CLANG_WARN__DUPLICATE_METHOD_MATCH = YES;
				CODE_SIGN_IDENTITY = "iPhone Developer";
				COPY_PHASE_STRIP = NO;
				DEBUG_INFORMATION_FORMAT = "dwarf-with-dsym";
				ENABLE_NS_ASSERTIONS = NO;
				ENABLE_STRICT_OBJC_MSGSEND = YES;
				GCC_C_LANGUAGE_STANDARD = gnu11;
				GCC_NO_COMMON_BLOCKS = YES;
				GCC_WARN_64_TO_32_BIT_CONVERSION = YES;
				GCC_WARN_ABOUT_RETURN_TYPE = YES_ERROR;
				GCC_WARN_UNDECLARED_SELECTOR = YES;
				GCC_WARN_UNINITIALIZED_AUTOS = YES_AGGRESSIVE;
				GCC_WARN_UNUSED_FUNCTION = YES;
				GCC_WARN_UNUSED_VARIABLE = YES;
				IPHONEOS_DEPLOYMENT_TARGET = 12.0;
				MTL_ENABLE_DEBUG_INFO = NO;
				SDKROOT = iphoneos;
				SWIFT_COMPILATION_MODE = wholemodule;
				SWIFT_OPTIMIZATION_LEVEL = "-O";
				VALIDATE_PRODUCT = YES;
			};
			name = Release;
		};
		BF8E0D4A2136116800E039B2 /* Debug */ = {
			isa = XCBuildConfiguration;
			buildSettings = {
				ASSETCATALOG_COMPILER_APPICON_NAME = AppIcon;
				CODE_SIGN_STYLE = Automatic;
				DEVELOPMENT_TEAM = H2KBY6D8Q6;
				INFOPLIST_FILE = FlashDiet/Info.plist;
				IPHONEOS_DEPLOYMENT_TARGET = 10.0;
				LD_RUNPATH_SEARCH_PATHS = (
					"$(inherited)",
					"@executable_path/Frameworks",
				);
				PRODUCT_BUNDLE_IDENTIFIER = Vincent.FlashDiet;
				PRODUCT_NAME = "$(TARGET_NAME)";
				SWIFT_VERSION = 4.2;
				TARGETED_DEVICE_FAMILY = "1,2";
			};
			name = Debug;
		};
		BF8E0D4B2136116800E039B2 /* Release */ = {
			isa = XCBuildConfiguration;
			buildSettings = {
				ASSETCATALOG_COMPILER_APPICON_NAME = AppIcon;
				CODE_SIGN_STYLE = Automatic;
				DEVELOPMENT_TEAM = H2KBY6D8Q6;
				INFOPLIST_FILE = FlashDiet/Info.plist;
				IPHONEOS_DEPLOYMENT_TARGET = 10.0;
				LD_RUNPATH_SEARCH_PATHS = (
					"$(inherited)",
					"@executable_path/Frameworks",
				);
				PRODUCT_BUNDLE_IDENTIFIER = Vincent.FlashDiet;
				PRODUCT_NAME = "$(TARGET_NAME)";
				SWIFT_VERSION = 4.2;
				TARGETED_DEVICE_FAMILY = "1,2";
			};
			name = Release;
		};
/* End XCBuildConfiguration section */

/* Begin XCConfigurationList section */
		BF8E0D2F2136116700E039B2 /* Build configuration list for PBXProject "FlashDiet" */ = {
			isa = XCConfigurationList;
			buildConfigurations = (
				BF8E0D472136116800E039B2 /* Debug */,
				BF8E0D482136116800E039B2 /* Release */,
			);
			defaultConfigurationIsVisible = 0;
			defaultConfigurationName = Release;
		};
		BF8E0D492136116800E039B2 /* Build configuration list for PBXNativeTarget "FlashDiet" */ = {
			isa = XCConfigurationList;
			buildConfigurations = (
				BF8E0D4A2136116800E039B2 /* Debug */,
				BF8E0D4B2136116800E039B2 /* Release */,
			);
			defaultConfigurationIsVisible = 0;
			defaultConfigurationName = Release;
		};
/* End XCConfigurationList section */

/* Begin XCVersionGroup section */
		BF8E0D3E2136116700E039B2 /* FlashDiet.xcdatamodeld */ = {
			isa = XCVersionGroup;
			children = (
				BF8E0D3F2136116700E039B2 /* FlashDiet.xcdatamodel */,
			);
			currentVersion = BF8E0D3F2136116700E039B2 /* FlashDiet.xcdatamodel */;
			path = FlashDiet.xcdatamodeld;
			sourceTree = "<group>";
			versionGroupType = wrapper.xcdatamodel;
		};
/* End XCVersionGroup section */
	};
	rootObject = BF8E0D2C2136116700E039B2 /* Project object */;
}
